// !$*UTF8*$!
{
	archiveVersion = 1;
	classes = {
	};
	objectVersion = 46;
	objects = {

/* Begin PBXBuildFile section */
		0C0E3F50E8B54E7D913BABFF /* libPods.a in Frameworks */ = {isa = PBXBuildFile; fileRef = F0E094013F304EA2A4CD0D45 /* libPods.a */; settings = {ATTRIBUTES = (Weak, ); }; };
		761ACEBD1992127F0023B73E /* SaveIdeaListViewController.m in Sources */ = {isa = PBXBuildFile; fileRef = 761ACEBC1992127F0023B73E /* SaveIdeaListViewController.m */; };
		76317ED919911C4A001079E3 /* HTTPFileUpload.m in Sources */ = {isa = PBXBuildFile; fileRef = 76317ED819911C4A001079E3 /* HTTPFileUpload.m */; };
		76A5E543198CF48900DB7393 /* MyScrollView.m in Sources */ = {isa = PBXBuildFile; fileRef = 76A5E542198CF48900DB7393 /* MyScrollView.m */; };
		76A5E546198DA2A700DB7393 /* SwitchViewController.m in Sources */ = {isa = PBXBuildFile; fileRef = 76A5E545198DA2A700DB7393 /* SwitchViewController.m */; };
		76A5E549198DB93D00DB7393 /* IdeaDetailViewController.m in Sources */ = {isa = PBXBuildFile; fileRef = 76A5E548198DB93D00DB7393 /* IdeaDetailViewController.m */; };
		76D8E840198C8185005E2F90 /* IdeaListViewController.m in Sources */ = {isa = PBXBuildFile; fileRef = 76D8E83F198C8185005E2F90 /* IdeaListViewController.m */; };
		76D8E843198C818E005E2F90 /* SettingViewController.m in Sources */ = {isa = PBXBuildFile; fileRef = 76D8E842198C818E005E2F90 /* SettingViewController.m */; };
		76D8E846198C819A005E2F90 /* IdeaboxViewController.m in Sources */ = {isa = PBXBuildFile; fileRef = 76D8E845198C819A005E2F90 /* IdeaboxViewController.m */; };
		76D8E849198C81AE005E2F90 /* AddSourceViewController.m in Sources */ = {isa = PBXBuildFile; fileRef = 76D8E848198C81AE005E2F90 /* AddSourceViewController.m */; };
		76D8E84C198C84DC005E2F90 /* SaveIdeaViewController.m in Sources */ = {isa = PBXBuildFile; fileRef = 76D8E84B198C84DC005E2F90 /* SaveIdeaViewController.m */; };
		76D8E84F198C8A50005E2F90 /* AddPersonViewController.m in Sources */ = {isa = PBXBuildFile; fileRef = 76D8E84E198C8A50005E2F90 /* AddPersonViewController.m */; };
		76D8E852198C8A6E005E2F90 /* AddSceneViewController.m in Sources */ = {isa = PBXBuildFile; fileRef = 76D8E851198C8A6E005E2F90 /* AddSceneViewController.m */; };
		76D8E855198C8A7E005E2F90 /* AddPurposeViewController.m in Sources */ = {isa = PBXBuildFile; fileRef = 76D8E854198C8A7E005E2F90 /* AddPurposeViewController.m */; };
		76FD29B819876ACD0087FA0F /* Foundation.framework in Frameworks */ = {isa = PBXBuildFile; fileRef = 76FD29B719876ACD0087FA0F /* Foundation.framework */; };
		76FD29BA19876ACD0087FA0F /* CoreGraphics.framework in Frameworks */ = {isa = PBXBuildFile; fileRef = 76FD29B919876ACD0087FA0F /* CoreGraphics.framework */; };
		76FD29BC19876ACD0087FA0F /* UIKit.framework in Frameworks */ = {isa = PBXBuildFile; fileRef = 76FD29BB19876ACD0087FA0F /* UIKit.framework */; };
		76FD29C219876ACD0087FA0F /* InfoPlist.strings in Resources */ = {isa = PBXBuildFile; fileRef = 76FD29C019876ACD0087FA0F /* InfoPlist.strings */; };
		76FD29C419876ACD0087FA0F /* main.m in Sources */ = {isa = PBXBuildFile; fileRef = 76FD29C319876ACD0087FA0F /* main.m */; };
		76FD29C819876ACD0087FA0F /* AppDelegate.m in Sources */ = {isa = PBXBuildFile; fileRef = 76FD29C719876ACD0087FA0F /* AppDelegate.m */; };
		76FD29CB19876ACD0087FA0F /* Main.storyboard in Resources */ = {isa = PBXBuildFile; fileRef = 76FD29C919876ACD0087FA0F /* Main.storyboard */; };
		76FD29D319876ACD0087FA0F /* Images.xcassets in Resources */ = {isa = PBXBuildFile; fileRef = 76FD29D219876ACD0087FA0F /* Images.xcassets */; };
		76FD29DA19876ACD0087FA0F /* XCTest.framework in Frameworks */ = {isa = PBXBuildFile; fileRef = 76FD29D919876ACD0087FA0F /* XCTest.framework */; };
		76FD29DB19876ACD0087FA0F /* Foundation.framework in Frameworks */ = {isa = PBXBuildFile; fileRef = 76FD29B719876ACD0087FA0F /* Foundation.framework */; };
		76FD29DC19876ACD0087FA0F /* UIKit.framework in Frameworks */ = {isa = PBXBuildFile; fileRef = 76FD29BB19876ACD0087FA0F /* UIKit.framework */; };
		76FD29E419876ACD0087FA0F /* InfoPlist.strings in Resources */ = {isa = PBXBuildFile; fileRef = 76FD29E219876ACD0087FA0F /* InfoPlist.strings */; };
		76FD29E619876ACD0087FA0F /* IdeaBoxTests.m in Sources */ = {isa = PBXBuildFile; fileRef = 76FD29E519876ACD0087FA0F /* IdeaBoxTests.m */; };
		76FD29F2198778A90087FA0F /* AppInitializeViewController.m in Sources */ = {isa = PBXBuildFile; fileRef = 76FD29F1198778A90087FA0F /* AppInitializeViewController.m */; };
		76FD29F6198778BF0087FA0F /* LoginViewController.m in Sources */ = {isa = PBXBuildFile; fileRef = 76FD29F5198778BF0087FA0F /* LoginViewController.m */; };
		76FD29F91987837C0087FA0F /* RegistViewController.m in Sources */ = {isa = PBXBuildFile; fileRef = 76FD29F81987837C0087FA0F /* RegistViewController.m */; };
		76FD29FC198783A30087FA0F /* LoginInnerViewController.m in Sources */ = {isa = PBXBuildFile; fileRef = 76FD29FB198783A30087FA0F /* LoginInnerViewController.m */; };
/* End PBXBuildFile section */

/* Begin PBXContainerItemProxy section */
		76FD29DD19876ACD0087FA0F /* PBXContainerItemProxy */ = {
			isa = PBXContainerItemProxy;
			containerPortal = 76FD29AC19876ACD0087FA0F /* Project object */;
			proxyType = 1;
			remoteGlobalIDString = 76FD29B319876ACD0087FA0F;
			remoteInfo = IdeaBox;
		};
/* End PBXContainerItemProxy section */

/* Begin PBXFileReference section */
		761ACEBB1992127F0023B73E /* SaveIdeaListViewController.h */ = {isa = PBXFileReference; fileEncoding = 4; lastKnownFileType = sourcecode.c.h; path = SaveIdeaListViewController.h; sourceTree = "<group>"; };
		761ACEBC1992127F0023B73E /* SaveIdeaListViewController.m */ = {isa = PBXFileReference; fileEncoding = 4; lastKnownFileType = sourcecode.c.objc; path = SaveIdeaListViewController.m; sourceTree = "<group>"; };
		76317ED719911C4A001079E3 /* HTTPFileUpload.h */ = {isa = PBXFileReference; fileEncoding = 4; lastKnownFileType = sourcecode.c.h; path = HTTPFileUpload.h; sourceTree = "<group>"; };
		76317ED819911C4A001079E3 /* HTTPFileUpload.m */ = {isa = PBXFileReference; fileEncoding = 4; lastKnownFileType = sourcecode.c.objc; path = HTTPFileUpload.m; sourceTree = "<group>"; };
		76A5E541198CF48900DB7393 /* MyScrollView.h */ = {isa = PBXFileReference; fileEncoding = 4; lastKnownFileType = sourcecode.c.h; path = MyScrollView.h; sourceTree = "<group>"; };
		76A5E542198CF48900DB7393 /* MyScrollView.m */ = {isa = PBXFileReference; fileEncoding = 4; lastKnownFileType = sourcecode.c.objc; path = MyScrollView.m; sourceTree = "<group>"; };
		76A5E544198DA2A700DB7393 /* SwitchViewController.h */ = {isa = PBXFileReference; fileEncoding = 4; lastKnownFileType = sourcecode.c.h; path = SwitchViewController.h; sourceTree = "<group>"; };
		76A5E545198DA2A700DB7393 /* SwitchViewController.m */ = {isa = PBXFileReference; fileEncoding = 4; lastKnownFileType = sourcecode.c.objc; path = SwitchViewController.m; sourceTree = "<group>"; };
		76A5E547198DB93D00DB7393 /* IdeaDetailViewController.h */ = {isa = PBXFileReference; fileEncoding = 4; lastKnownFileType = sourcecode.c.h; path = IdeaDetailViewController.h; sourceTree = "<group>"; };
		76A5E548198DB93D00DB7393 /* IdeaDetailViewController.m */ = {isa = PBXFileReference; fileEncoding = 4; lastKnownFileType = sourcecode.c.objc; path = IdeaDetailViewController.m; sourceTree = "<group>"; };
		76D8E839198BE2DB005E2F90 /* constants.h */ = {isa = PBXFileReference; lastKnownFileType = sourcecode.c.h; path = constants.h; sourceTree = "<group>"; };
		76D8E83E198C8185005E2F90 /* IdeaListViewController.h */ = {isa = PBXFileReference; fileEncoding = 4; lastKnownFileType = sourcecode.c.h; path = IdeaListViewController.h; sourceTree = "<group>"; };
		76D8E83F198C8185005E2F90 /* IdeaListViewController.m */ = {isa = PBXFileReference; fileEncoding = 4; lastKnownFileType = sourcecode.c.objc; path = IdeaListViewController.m; sourceTree = "<group>"; };
		76D8E841198C818E005E2F90 /* SettingViewController.h */ = {isa = PBXFileReference; fileEncoding = 4; lastKnownFileType = sourcecode.c.h; path = SettingViewController.h; sourceTree = "<group>"; };
		76D8E842198C818E005E2F90 /* SettingViewController.m */ = {isa = PBXFileReference; fileEncoding = 4; lastKnownFileType = sourcecode.c.objc; path = SettingViewController.m; sourceTree = "<group>"; };
		76D8E844198C819A005E2F90 /* IdeaboxViewController.h */ = {isa = PBXFileReference; fileEncoding = 4; lastKnownFileType = sourcecode.c.h; path = IdeaboxViewController.h; sourceTree = "<group>"; };
		76D8E845198C819A005E2F90 /* IdeaboxViewController.m */ = {isa = PBXFileReference; fileEncoding = 4; lastKnownFileType = sourcecode.c.objc; path = IdeaboxViewController.m; sourceTree = "<group>"; };
		76D8E847198C81AE005E2F90 /* AddSourceViewController.h */ = {isa = PBXFileReference; fileEncoding = 4; lastKnownFileType = sourcecode.c.h; path = AddSourceViewController.h; sourceTree = "<group>"; };
		76D8E848198C81AE005E2F90 /* AddSourceViewController.m */ = {isa = PBXFileReference; fileEncoding = 4; lastKnownFileType = sourcecode.c.objc; path = AddSourceViewController.m; sourceTree = "<group>"; };
		76D8E84A198C84DC005E2F90 /* SaveIdeaViewController.h */ = {isa = PBXFileReference; fileEncoding = 4; lastKnownFileType = sourcecode.c.h; path = SaveIdeaViewController.h; sourceTree = "<group>"; };
		76D8E84B198C84DC005E2F90 /* SaveIdeaViewController.m */ = {isa = PBXFileReference; fileEncoding = 4; lastKnownFileType = sourcecode.c.objc; path = SaveIdeaViewController.m; sourceTree = "<group>"; };
		76D8E84D198C8A50005E2F90 /* AddPersonViewController.h */ = {isa = PBXFileReference; fileEncoding = 4; lastKnownFileType = sourcecode.c.h; path = AddPersonViewController.h; sourceTree = "<group>"; };
		76D8E84E198C8A50005E2F90 /* AddPersonViewController.m */ = {isa = PBXFileReference; fileEncoding = 4; lastKnownFileType = sourcecode.c.objc; path = AddPersonViewController.m; sourceTree = "<group>"; };
		76D8E850198C8A6E005E2F90 /* AddSceneViewController.h */ = {isa = PBXFileReference; fileEncoding = 4; lastKnownFileType = sourcecode.c.h; path = AddSceneViewController.h; sourceTree = "<group>"; };
		76D8E851198C8A6E005E2F90 /* AddSceneViewController.m */ = {isa = PBXFileReference; fileEncoding = 4; lastKnownFileType = sourcecode.c.objc; path = AddSceneViewController.m; sourceTree = "<group>"; };
		76D8E853198C8A7E005E2F90 /* AddPurposeViewController.h */ = {isa = PBXFileReference; fileEncoding = 4; lastKnownFileType = sourcecode.c.h; path = AddPurposeViewController.h; sourceTree = "<group>"; };
		76D8E854198C8A7E005E2F90 /* AddPurposeViewController.m */ = {isa = PBXFileReference; fileEncoding = 4; lastKnownFileType = sourcecode.c.objc; path = AddPurposeViewController.m; sourceTree = "<group>"; };
		76FD29B419876ACD0087FA0F /* IdeaBox.app */ = {isa = PBXFileReference; explicitFileType = wrapper.application; includeInIndex = 0; path = IdeaBox.app; sourceTree = BUILT_PRODUCTS_DIR; };
		76FD29B719876ACD0087FA0F /* Foundation.framework */ = {isa = PBXFileReference; lastKnownFileType = wrapper.framework; name = Foundation.framework; path = System/Library/Frameworks/Foundation.framework; sourceTree = SDKROOT; };
		76FD29B919876ACD0087FA0F /* CoreGraphics.framework */ = {isa = PBXFileReference; lastKnownFileType = wrapper.framework; name = CoreGraphics.framework; path = System/Library/Frameworks/CoreGraphics.framework; sourceTree = SDKROOT; };
		76FD29BB19876ACD0087FA0F /* UIKit.framework */ = {isa = PBXFileReference; lastKnownFileType = wrapper.framework; name = UIKit.framework; path = System/Library/Frameworks/UIKit.framework; sourceTree = SDKROOT; };
		76FD29BF19876ACD0087FA0F /* IdeaBox-Info.plist */ = {isa = PBXFileReference; lastKnownFileType = text.plist.xml; path = "IdeaBox-Info.plist"; sourceTree = "<group>"; };
		76FD29C119876ACD0087FA0F /* en */ = {isa = PBXFileReference; lastKnownFileType = text.plist.strings; name = en; path = en.lproj/InfoPlist.strings; sourceTree = "<group>"; };
		76FD29C319876ACD0087FA0F /* main.m */ = {isa = PBXFileReference; lastKnownFileType = sourcecode.c.objc; path = main.m; sourceTree = "<group>"; };
		76FD29C519876ACD0087FA0F /* IdeaBox-Prefix.pch */ = {isa = PBXFileReference; lastKnownFileType = sourcecode.c.h; path = "IdeaBox-Prefix.pch"; sourceTree = "<group>"; };
		76FD29C619876ACD0087FA0F /* AppDelegate.h */ = {isa = PBXFileReference; lastKnownFileType = sourcecode.c.h; path = AppDelegate.h; sourceTree = "<group>"; };
		76FD29C719876ACD0087FA0F /* AppDelegate.m */ = {isa = PBXFileReference; lastKnownFileType = sourcecode.c.objc; path = AppDelegate.m; sourceTree = "<group>"; };
		76FD29CA19876ACD0087FA0F /* Base */ = {isa = PBXFileReference; lastKnownFileType = file.storyboard; name = Base; path = Base.lproj/Main_iPhone.storyboard; sourceTree = "<group>"; };
		76FD29D219876ACD0087FA0F /* Images.xcassets */ = {isa = PBXFileReference; lastKnownFileType = folder.assetcatalog; path = Images.xcassets; sourceTree = "<group>"; };
		76FD29D819876ACD0087FA0F /* IdeaBoxTests.xctest */ = {isa = PBXFileReference; explicitFileType = wrapper.cfbundle; includeInIndex = 0; path = IdeaBoxTests.xctest; sourceTree = BUILT_PRODUCTS_DIR; };
		76FD29D919876ACD0087FA0F /* XCTest.framework */ = {isa = PBXFileReference; lastKnownFileType = wrapper.framework; name = XCTest.framework; path = Library/Frameworks/XCTest.framework; sourceTree = DEVELOPER_DIR; };
		76FD29E119876ACD0087FA0F /* IdeaBoxTests-Info.plist */ = {isa = PBXFileReference; lastKnownFileType = text.plist.xml; path = "IdeaBoxTests-Info.plist"; sourceTree = "<group>"; };
		76FD29E319876ACD0087FA0F /* en */ = {isa = PBXFileReference; lastKnownFileType = text.plist.strings; name = en; path = en.lproj/InfoPlist.strings; sourceTree = "<group>"; };
		76FD29E519876ACD0087FA0F /* IdeaBoxTests.m */ = {isa = PBXFileReference; lastKnownFileType = sourcecode.c.objc; path = IdeaBoxTests.m; sourceTree = "<group>"; };
		76FD29F0198778A90087FA0F /* AppInitializeViewController.h */ = {isa = PBXFileReference; fileEncoding = 4; lastKnownFileType = sourcecode.c.h; path = AppInitializeViewController.h; sourceTree = "<group>"; };
		76FD29F1198778A90087FA0F /* AppInitializeViewController.m */ = {isa = PBXFileReference; fileEncoding = 4; lastKnownFileType = sourcecode.c.objc; path = AppInitializeViewController.m; sourceTree = "<group>"; };
		76FD29F4198778BF0087FA0F /* LoginViewController.h */ = {isa = PBXFileReference; fileEncoding = 4; lastKnownFileType = sourcecode.c.h; path = LoginViewController.h; sourceTree = "<group>"; };
		76FD29F5198778BF0087FA0F /* LoginViewController.m */ = {isa = PBXFileReference; fileEncoding = 4; lastKnownFileType = sourcecode.c.objc; path = LoginViewController.m; sourceTree = "<group>"; };
		76FD29F71987837C0087FA0F /* RegistViewController.h */ = {isa = PBXFileReference; fileEncoding = 4; lastKnownFileType = sourcecode.c.h; path = RegistViewController.h; sourceTree = "<group>"; };
		76FD29F81987837C0087FA0F /* RegistViewController.m */ = {isa = PBXFileReference; fileEncoding = 4; lastKnownFileType = sourcecode.c.objc; path = RegistViewController.m; sourceTree = "<group>"; };
		76FD29FA198783A30087FA0F /* LoginInnerViewController.h */ = {isa = PBXFileReference; fileEncoding = 4; lastKnownFileType = sourcecode.c.h; path = LoginInnerViewController.h; sourceTree = "<group>"; };
		76FD29FB198783A30087FA0F /* LoginInnerViewController.m */ = {isa = PBXFileReference; fileEncoding = 4; lastKnownFileType = sourcecode.c.objc; path = LoginInnerViewController.m; sourceTree = "<group>"; };
		BA06F91CA22A49E2B7A7FB7D /* Pods.xcconfig */ = {isa = PBXFileReference; includeInIndex = 1; lastKnownFileType = text.xcconfig; name = Pods.xcconfig; path = Pods/Pods.xcconfig; sourceTree = "<group>"; };
		F0E094013F304EA2A4CD0D45 /* libPods.a */ = {isa = PBXFileReference; explicitFileType = archive.ar; includeInIndex = 0; path = libPods.a; sourceTree = BUILT_PRODUCTS_DIR; };
/* End PBXFileReference section */

/* Begin PBXFrameworksBuildPhase section */
		76FD29B119876ACD0087FA0F /* Frameworks */ = {
			isa = PBXFrameworksBuildPhase;
			buildActionMask = 2147483647;
			files = (
				76FD29BA19876ACD0087FA0F /* CoreGraphics.framework in Frameworks */,
				76FD29BC19876ACD0087FA0F /* UIKit.framework in Frameworks */,
				76FD29B819876ACD0087FA0F /* Foundation.framework in Frameworks */,
				0C0E3F50E8B54E7D913BABFF /* libPods.a in Frameworks */,
			);
			runOnlyForDeploymentPostprocessing = 0;
		};
		76FD29D519876ACD0087FA0F /* Frameworks */ = {
			isa = PBXFrameworksBuildPhase;
			buildActionMask = 2147483647;
			files = (
				76FD29DA19876ACD0087FA0F /* XCTest.framework in Frameworks */,
				76FD29DC19876ACD0087FA0F /* UIKit.framework in Frameworks */,
				76FD29DB19876ACD0087FA0F /* Foundation.framework in Frameworks */,
			);
			runOnlyForDeploymentPostprocessing = 0;
		};
/* End PBXFrameworksBuildPhase section */

/* Begin PBXGroup section */
		76D8E838198BE2AD005E2F90 /* Support */ = {
			isa = PBXGroup;
			children = (
				76317ED719911C4A001079E3 /* HTTPFileUpload.h */,
				76317ED819911C4A001079E3 /* HTTPFileUpload.m */,
				76D8E839198BE2DB005E2F90 /* constants.h */,
				76A5E541198CF48900DB7393 /* MyScrollView.h */,
				76A5E542198CF48900DB7393 /* MyScrollView.m */,
			);
			name = Support;
			sourceTree = "<group>";
		};
		76D8E83A198C802D005E2F90 /* Source */ = {
			isa = PBXGroup;
			children = (
				76D8E847198C81AE005E2F90 /* AddSourceViewController.h */,
				76D8E848198C81AE005E2F90 /* AddSourceViewController.m */,
				76D8E84D198C8A50005E2F90 /* AddPersonViewController.h */,
				76D8E84E198C8A50005E2F90 /* AddPersonViewController.m */,
				76D8E850198C8A6E005E2F90 /* AddSceneViewController.h */,
				76D8E851198C8A6E005E2F90 /* AddSceneViewController.m */,
				76D8E853198C8A7E005E2F90 /* AddPurposeViewController.h */,
				76D8E854198C8A7E005E2F90 /* AddPurposeViewController.m */,
			);
			name = Source;
			sourceTree = "<group>";
		};
		76D8E83B198C8043005E2F90 /* Idea */ = {
			isa = PBXGroup;
			children = (
				76D8E844198C819A005E2F90 /* IdeaboxViewController.h */,
				76D8E845198C819A005E2F90 /* IdeaboxViewController.m */,
				76D8E84A198C84DC005E2F90 /* SaveIdeaViewController.h */,
				76D8E84B198C84DC005E2F90 /* SaveIdeaViewController.m */,
				76A5E544198DA2A700DB7393 /* SwitchViewController.h */,
				76A5E545198DA2A700DB7393 /* SwitchViewController.m */,
				761ACEBB1992127F0023B73E /* SaveIdeaListViewController.h */,
				761ACEBC1992127F0023B73E /* SaveIdeaListViewController.m */,
			);
			name = Idea;
			sourceTree = "<group>";
		};
		76D8E83C198C8051005E2F90 /* Setting */ = {
			isa = PBXGroup;
			children = (
				76D8E841198C818E005E2F90 /* SettingViewController.h */,
				76D8E842198C818E005E2F90 /* SettingViewController.m */,
			);
			name = Setting;
			sourceTree = "<group>";
		};
		76D8E83D198C805A005E2F90 /* IdeaList */ = {
			isa = PBXGroup;
			children = (
				76D8E83E198C8185005E2F90 /* IdeaListViewController.h */,
				76D8E83F198C8185005E2F90 /* IdeaListViewController.m */,
				76A5E547198DB93D00DB7393 /* IdeaDetailViewController.h */,
				76A5E548198DB93D00DB7393 /* IdeaDetailViewController.m */,
			);
			name = IdeaList;
			sourceTree = "<group>";
		};
		76FD29AB19876ACD0087FA0F = {
			isa = PBXGroup;
			children = (
				76FD29BD19876ACD0087FA0F /* IdeaBox */,
				76FD29DF19876ACD0087FA0F /* IdeaBoxTests */,
				76FD29B619876ACD0087FA0F /* Frameworks */,
				76FD29B519876ACD0087FA0F /* Products */,
				BA06F91CA22A49E2B7A7FB7D /* Pods.xcconfig */,
			);
			sourceTree = "<group>";
		};
		76FD29B519876ACD0087FA0F /* Products */ = {
			isa = PBXGroup;
			children = (
				76FD29B419876ACD0087FA0F /* IdeaBox.app */,
				76FD29D819876ACD0087FA0F /* IdeaBoxTests.xctest */,
			);
			name = Products;
			sourceTree = "<group>";
		};
		76FD29B619876ACD0087FA0F /* Frameworks */ = {
			isa = PBXGroup;
			children = (
				76FD29B719876ACD0087FA0F /* Foundation.framework */,
				76FD29B919876ACD0087FA0F /* CoreGraphics.framework */,
				76FD29BB19876ACD0087FA0F /* UIKit.framework */,
				76FD29D919876ACD0087FA0F /* XCTest.framework */,
				F0E094013F304EA2A4CD0D45 /* libPods.a */,
			);
			name = Frameworks;
			sourceTree = "<group>";
		};
		76FD29BD19876ACD0087FA0F /* IdeaBox */ = {
			isa = PBXGroup;
			children = (
				76D8E83D198C805A005E2F90 /* IdeaList */,
				76D8E83C198C8051005E2F90 /* Setting */,
				76D8E83B198C8043005E2F90 /* Idea */,
				76D8E83A198C802D005E2F90 /* Source */,
				76D8E838198BE2AD005E2F90 /* Support */,
				76FD29F3198778B20087FA0F /* Login */,
				76FD29EF1987788A0087FA0F /* AppInitialize */,
				76FD29C619876ACD0087FA0F /* AppDelegate.h */,
				76FD29C719876ACD0087FA0F /* AppDelegate.m */,
				76FD29C919876ACD0087FA0F /* Main.storyboard */,
				76FD29D219876ACD0087FA0F /* Images.xcassets */,
				76FD29BE19876ACD0087FA0F /* Supporting Files */,
			);
			path = IdeaBox;
			sourceTree = "<group>";
		};
		76FD29BE19876ACD0087FA0F /* Supporting Files */ = {
			isa = PBXGroup;
			children = (
				76FD29BF19876ACD0087FA0F /* IdeaBox-Info.plist */,
				76FD29C019876ACD0087FA0F /* InfoPlist.strings */,
				76FD29C319876ACD0087FA0F /* main.m */,
				76FD29C519876ACD0087FA0F /* IdeaBox-Prefix.pch */,
			);
			name = "Supporting Files";
			sourceTree = "<group>";
		};
		76FD29DF19876ACD0087FA0F /* IdeaBoxTests */ = {
			isa = PBXGroup;
			children = (
				76FD29E519876ACD0087FA0F /* IdeaBoxTests.m */,
				76FD29E019876ACD0087FA0F /* Supporting Files */,
			);
			path = IdeaBoxTests;
			sourceTree = "<group>";
		};
		76FD29E019876ACD0087FA0F /* Supporting Files */ = {
			isa = PBXGroup;
			children = (
				76FD29E119876ACD0087FA0F /* IdeaBoxTests-Info.plist */,
				76FD29E219876ACD0087FA0F /* InfoPlist.strings */,
			);
			name = "Supporting Files";
			sourceTree = "<group>";
		};
		76FD29EF1987788A0087FA0F /* AppInitialize */ = {
			isa = PBXGroup;
			children = (
				76FD29F0198778A90087FA0F /* AppInitializeViewController.h */,
				76FD29F1198778A90087FA0F /* AppInitializeViewController.m */,
			);
			name = AppInitialize;
			sourceTree = "<group>";
		};
		76FD29F3198778B20087FA0F /* Login */ = {
			isa = PBXGroup;
			children = (
				76FD29F4198778BF0087FA0F /* LoginViewController.h */,
				76FD29F5198778BF0087FA0F /* LoginViewController.m */,
				76FD29F71987837C0087FA0F /* RegistViewController.h */,
				76FD29F81987837C0087FA0F /* RegistViewController.m */,
				76FD29FA198783A30087FA0F /* LoginInnerViewController.h */,
				76FD29FB198783A30087FA0F /* LoginInnerViewController.m */,
			);
			name = Login;
			sourceTree = "<group>";
		};
/* End PBXGroup section */

/* Begin PBXNativeTarget section */
		76FD29B319876ACD0087FA0F /* IdeaBox */ = {
			isa = PBXNativeTarget;
			buildConfigurationList = 76FD29E919876ACD0087FA0F /* Build configuration list for PBXNativeTarget "IdeaBox" */;
			buildPhases = (
				E9AA185525534003A5E4E3C2 /* Check Pods Manifest.lock */,
				76FD29B019876ACD0087FA0F /* Sources */,
				76FD29B119876ACD0087FA0F /* Frameworks */,
				76FD29B219876ACD0087FA0F /* Resources */,
				C2D8CC1BEEF74D4FB4EC2C00 /* Copy Pods Resources */,
			);
			buildRules = (
			);
			dependencies = (
			);
			name = IdeaBox;
			productName = IdeaBox;
			productReference = 76FD29B419876ACD0087FA0F /* IdeaBox.app */;
			productType = "com.apple.product-type.application";
		};
		76FD29D719876ACD0087FA0F /* IdeaBoxTests */ = {
			isa = PBXNativeTarget;
			buildConfigurationList = 76FD29EC19876ACD0087FA0F /* Build configuration list for PBXNativeTarget "IdeaBoxTests" */;
			buildPhases = (
				76FD29D419876ACD0087FA0F /* Sources */,
				76FD29D519876ACD0087FA0F /* Frameworks */,
				76FD29D619876ACD0087FA0F /* Resources */,
			);
			buildRules = (
			);
			dependencies = (
				76FD29DE19876ACD0087FA0F /* PBXTargetDependency */,
			);
			name = IdeaBoxTests;
			productName = IdeaBoxTests;
			productReference = 76FD29D819876ACD0087FA0F /* IdeaBoxTests.xctest */;
			productType = "com.apple.product-type.bundle.unit-test";
		};
/* End PBXNativeTarget section */

/* Begin PBXProject section */
		76FD29AC19876ACD0087FA0F /* Project object */ = {
			isa = PBXProject;
			attributes = {
				LastUpgradeCheck = 0510;
				ORGANIZATIONNAME = YutaInoue;
				TargetAttributes = {
					76FD29D719876ACD0087FA0F = {
						TestTargetID = 76FD29B319876ACD0087FA0F;
					};
				};
			};
			buildConfigurationList = 76FD29AF19876ACD0087FA0F /* Build configuration list for PBXProject "IdeaBox" */;
			compatibilityVersion = "Xcode 3.2";
			developmentRegion = English;
			hasScannedForEncodings = 0;
			knownRegions = (
				en,
				Base,
			);
			mainGroup = 76FD29AB19876ACD0087FA0F;
			productRefGroup = 76FD29B519876ACD0087FA0F /* Products */;
			projectDirPath = "";
			projectRoot = "";
			targets = (
				76FD29B319876ACD0087FA0F /* IdeaBox */,
				76FD29D719876ACD0087FA0F /* IdeaBoxTests */,
			);
		};
/* End PBXProject section */

/* Begin PBXResourcesBuildPhase section */
		76FD29B219876ACD0087FA0F /* Resources */ = {
			isa = PBXResourcesBuildPhase;
			buildActionMask = 2147483647;
			files = (
				76FD29D319876ACD0087FA0F /* Images.xcassets in Resources */,
				76FD29CB19876ACD0087FA0F /* Main.storyboard in Resources */,
				76FD29C219876ACD0087FA0F /* InfoPlist.strings in Resources */,
			);
			runOnlyForDeploymentPostprocessing = 0;
		};
		76FD29D619876ACD0087FA0F /* Resources */ = {
			isa = PBXResourcesBuildPhase;
			buildActionMask = 2147483647;
			files = (
				76FD29E419876ACD0087FA0F /* InfoPlist.strings in Resources */,
			);
			runOnlyForDeploymentPostprocessing = 0;
		};
/* End PBXResourcesBuildPhase section */

/* Begin PBXShellScriptBuildPhase section */
		C2D8CC1BEEF74D4FB4EC2C00 /* Copy Pods Resources */ = {
			isa = PBXShellScriptBuildPhase;
			buildActionMask = 2147483647;
			files = (
			);
			inputPaths = (
			);
			name = "Copy Pods Resources";
			outputPaths = (
			);
			runOnlyForDeploymentPostprocessing = 0;
			shellPath = /bin/sh;
			shellScript = "\"${SRCROOT}/Pods/Pods-resources.sh\"\n";
			showEnvVarsInLog = 0;
		};
		E9AA185525534003A5E4E3C2 /* Check Pods Manifest.lock */ = {
			isa = PBXShellScriptBuildPhase;
			buildActionMask = 2147483647;
			files = (
			);
			inputPaths = (
			);
			name = "Check Pods Manifest.lock";
			outputPaths = (
			);
			runOnlyForDeploymentPostprocessing = 0;
			shellPath = /bin/sh;
			shellScript = "diff \"${PODS_ROOT}/../Podfile.lock\" \"${PODS_ROOT}/Manifest.lock\" > /dev/null\nif [[ $? != 0 ]] ; then\n    cat << EOM\nerror: The sandbox is not in sync with the Podfile.lock. Run 'pod install' or update your CocoaPods installation.\nEOM\n    exit 1\nfi\n";
			showEnvVarsInLog = 0;
		};
/* End PBXShellScriptBuildPhase section */

/* Begin PBXSourcesBuildPhase section */
		76FD29B019876ACD0087FA0F /* Sources */ = {
			isa = PBXSourcesBuildPhase;
			buildActionMask = 2147483647;
			files = (
				76FD29C819876ACD0087FA0F /* AppDelegate.m in Sources */,
				76FD29F91987837C0087FA0F /* RegistViewController.m in Sources */,
				76A5E546198DA2A700DB7393 /* SwitchViewController.m in Sources */,
				76FD29F2198778A90087FA0F /* AppInitializeViewController.m in Sources */,
				76D8E840198C8185005E2F90 /* IdeaListViewController.m in Sources */,
				76FD29C419876ACD0087FA0F /* main.m in Sources */,
				76D8E855198C8A7E005E2F90 /* AddPurposeViewController.m in Sources */,
				76FD29FC198783A30087FA0F /* LoginInnerViewController.m in Sources */,
				76317ED919911C4A001079E3 /* HTTPFileUpload.m in Sources */,
				76D8E852198C8A6E005E2F90 /* AddSceneViewController.m in Sources */,
				76A5E549198DB93D00DB7393 /* IdeaDetailViewController.m in Sources */,
				76A5E543198CF48900DB7393 /* MyScrollView.m in Sources */,
				76FD29F6198778BF0087FA0F /* LoginViewController.m in Sources */,
				761ACEBD1992127F0023B73E /* SaveIdeaListViewController.m in Sources */,
				76D8E84C198C84DC005E2F90 /* SaveIdeaViewController.m in Sources */,
				76D8E843198C818E005E2F90 /* SettingViewController.m in Sources */,
				76D8E846198C819A005E2F90 /* IdeaboxViewController.m in Sources */,
				76D8E849198C81AE005E2F90 /* AddSourceViewController.m in Sources */,
				76D8E84F198C8A50005E2F90 /* AddPersonViewController.m in Sources */,
			);
			runOnlyForDeploymentPostprocessing = 0;
		};
		76FD29D419876ACD0087FA0F /* Sources */ = {
			isa = PBXSourcesBuildPhase;
			buildActionMask = 2147483647;
			files = (
				76FD29E619876ACD0087FA0F /* IdeaBoxTests.m in Sources */,
			);
			runOnlyForDeploymentPostprocessing = 0;
		};
/* End PBXSourcesBuildPhase section */

/* Begin PBXTargetDependency section */
		76FD29DE19876ACD0087FA0F /* PBXTargetDependency */ = {
			isa = PBXTargetDependency;
			target = 76FD29B319876ACD0087FA0F /* IdeaBox */;
			targetProxy = 76FD29DD19876ACD0087FA0F /* PBXContainerItemProxy */;
		};
/* End PBXTargetDependency section */

/* Begin PBXVariantGroup section */
		76FD29C019876ACD0087FA0F /* InfoPlist.strings */ = {
			isa = PBXVariantGroup;
			children = (
				76FD29C119876ACD0087FA0F /* en */,
			);
			name = InfoPlist.strings;
			sourceTree = "<group>";
		};
		76FD29C919876ACD0087FA0F /* Main.storyboard */ = {
			isa = PBXVariantGroup;
			children = (
				76FD29CA19876ACD0087FA0F /* Base */,
			);
			name = Main.storyboard;
			sourceTree = "<group>";
		};
		76FD29E219876ACD0087FA0F /* InfoPlist.strings */ = {
			isa = PBXVariantGroup;
			children = (
				76FD29E319876ACD0087FA0F /* en */,
			);
			name = InfoPlist.strings;
			sourceTree = "<group>";
		};
/* End PBXVariantGroup section */

/* Begin XCBuildConfiguration section */
		76FD29E719876ACD0087FA0F /* Debug */ = {
			isa = XCBuildConfiguration;
			buildSettings = {
				ALWAYS_SEARCH_USER_PATHS = NO;
				CLANG_CXX_LANGUAGE_STANDARD = "gnu++0x";
				CLANG_CXX_LIBRARY = "libc++";
				CLANG_ENABLE_MODULES = YES;
				CLANG_ENABLE_OBJC_ARC = YES;
				CLANG_WARN_BOOL_CONVERSION = YES;
				CLANG_WARN_CONSTANT_CONVERSION = YES;
				CLANG_WARN_DIRECT_OBJC_ISA_USAGE = YES_ERROR;
				CLANG_WARN_EMPTY_BODY = YES;
				CLANG_WARN_ENUM_CONVERSION = YES;
				CLANG_WARN_INT_CONVERSION = YES;
				CLANG_WARN_OBJC_ROOT_CLASS = YES_ERROR;
				CLANG_WARN__DUPLICATE_METHOD_MATCH = YES;
				"CODE_SIGN_IDENTITY[sdk=iphoneos*]" = "iPhone Developer";
				COPY_PHASE_STRIP = NO;
				GCC_C_LANGUAGE_STANDARD = gnu99;
				GCC_DYNAMIC_NO_PIC = NO;
				GCC_OPTIMIZATION_LEVEL = 0;
				GCC_PREPROCESSOR_DEFINITIONS = (
					"DEBUG=1",
					"$(inherited)",
				);
				GCC_SYMBOLS_PRIVATE_EXTERN = NO;
				GCC_WARN_64_TO_32_BIT_CONVERSION = YES;
				GCC_WARN_ABOUT_RETURN_TYPE = YES_ERROR;
				GCC_WARN_UNDECLARED_SELECTOR = YES;
				GCC_WARN_UNINITIALIZED_AUTOS = YES_AGGRESSIVE;
				GCC_WARN_UNUSED_FUNCTION = YES;
				GCC_WARN_UNUSED_VARIABLE = YES;
				IPHONEOS_DEPLOYMENT_TARGET = 7.1;
				ONLY_ACTIVE_ARCH = YES;
				SDKROOT = iphoneos;
				TARGETED_DEVICE_FAMILY = "1,2";
			};
			name = Debug;
		};
		76FD29E819876ACD0087FA0F /* Release */ = {
			isa = XCBuildConfiguration;
			buildSettings = {
				ALWAYS_SEARCH_USER_PATHS = NO;
				CLANG_CXX_LANGUAGE_STANDARD = "gnu++0x";
				CLANG_CXX_LIBRARY = "libc++";
				CLANG_ENABLE_MODULES = YES;
				CLANG_ENABLE_OBJC_ARC = YES;
				CLANG_WARN_BOOL_CONVERSION = YES;
				CLANG_WARN_CONSTANT_CONVERSION = YES;
				CLANG_WARN_DIRECT_OBJC_ISA_USAGE = YES_ERROR;
				CLANG_WARN_EMPTY_BODY = YES;
				CLANG_WARN_ENUM_CONVERSION = YES;
				CLANG_WARN_INT_CONVERSION = YES;
				CLANG_WARN_OBJC_ROOT_CLASS = YES_ERROR;
				CLANG_WARN__DUPLICATE_METHOD_MATCH = YES;
				"CODE_SIGN_IDENTITY[sdk=iphoneos*]" = "iPhone Developer";
				COPY_PHASE_STRIP = YES;
				ENABLE_NS_ASSERTIONS = NO;
				GCC_C_LANGUAGE_STANDARD = gnu99;
				GCC_WARN_64_TO_32_BIT_CONVERSION = YES;
				GCC_WARN_ABOUT_RETURN_TYPE = YES_ERROR;
				GCC_WARN_UNDECLARED_SELECTOR = YES;
				GCC_WARN_UNINITIALIZED_AUTOS = YES_AGGRESSIVE;
				GCC_WARN_UNUSED_FUNCTION = YES;
				GCC_WARN_UNUSED_VARIABLE = YES;
				IPHONEOS_DEPLOYMENT_TARGET = 7.1;
				SDKROOT = iphoneos;
				TARGETED_DEVICE_FAMILY = "1,2";
				VALIDATE_PRODUCT = YES;
			};
			name = Release;
		};
		76FD29EA19876ACD0087FA0F /* Debug */ = {
			isa = XCBuildConfiguration;
			baseConfigurationReference = BA06F91CA22A49E2B7A7FB7D /* Pods.xcconfig */;
			buildSettings = {
				ASSETCATALOG_COMPILER_APPICON_NAME = AppIcon;
				ASSETCATALOG_COMPILER_LAUNCHIMAGE_NAME = LaunchImage;
				GCC_PRECOMPILE_PREFIX_HEADER = YES;
				GCC_PREFIX_HEADER = "IdeaBox/IdeaBox-Prefix.pch";
				INFOPLIST_FILE = "IdeaBox/IdeaBox-Info.plist";
				PRODUCT_NAME = "$(TARGET_NAME)";
				WRAPPER_EXTENSION = app;
			};
			name = Debug;
		};
		76FD29EB19876ACD0087FA0F /* Release */ = {
			isa = XCBuildConfiguration;
			baseConfigurationReference = BA06F91CA22A49E2B7A7FB7D /* Pods.xcconfig */;
			buildSettings = {
				ASSETCATALOG_COMPILER_APPICON_NAME = AppIcon;
				ASSETCATALOG_COMPILER_LAUNCHIMAGE_NAME = LaunchImage;
				GCC_PRECOMPILE_PREFIX_HEADER = YES;
				GCC_PREFIX_HEADER = "IdeaBox/IdeaBox-Prefix.pch";
				INFOPLIST_FILE = "IdeaBox/IdeaBox-Info.plist";
				PRODUCT_NAME = "$(TARGET_NAME)";
				WRAPPER_EXTENSION = app;
			};
			name = Release;
		};
		76FD29ED19876ACD0087FA0F /* Debug */ = {
			isa = XCBuildConfiguration;
			buildSettings = {
				BUNDLE_LOADER = "$(BUILT_PRODUCTS_DIR)/IdeaBox.app/IdeaBox";
				FRAMEWORK_SEARCH_PATHS = (
					"$(SDKROOT)/Developer/Library/Frameworks",
					"$(inherited)",
					"$(DEVELOPER_FRAMEWORKS_DIR)",
				);
				GCC_PRECOMPILE_PREFIX_HEADER = YES;
				GCC_PREFIX_HEADER = "IdeaBox/IdeaBox-Prefix.pch";
				GCC_PREPROCESSOR_DEFINITIONS = (
					"DEBUG=1",
					"$(inherited)",
				);
				INFOPLIST_FILE = "IdeaBoxTests/IdeaBoxTests-Info.plist";
				PRODUCT_NAME = "$(TARGET_NAME)";
				TEST_HOST = "$(BUNDLE_LOADER)";
				WRAPPER_EXTENSION = xctest;
			};
			name = Debug;
		};
		76FD29EE19876ACD0087FA0F /* Release */ = {
			isa = XCBuildConfiguration;
			buildSettings = {
				BUNDLE_LOADER = "$(BUILT_PRODUCTS_DIR)/IdeaBox.app/IdeaBox";
				FRAMEWORK_SEARCH_PATHS = (
					"$(SDKROOT)/Developer/Library/Frameworks",
					"$(inherited)",
					"$(DEVELOPER_FRAMEWORKS_DIR)",
				);
				GCC_PRECOMPILE_PREFIX_HEADER = YES;
				GCC_PREFIX_HEADER = "IdeaBox/IdeaBox-Prefix.pch";
				INFOPLIST_FILE = "IdeaBoxTests/IdeaBoxTests-Info.plist";
				PRODUCT_NAME = "$(TARGET_NAME)";
				TEST_HOST = "$(BUNDLE_LOADER)";
				WRAPPER_EXTENSION = xctest;
			};
			name = Release;
		};
/* End XCBuildConfiguration section */

/* Begin XCConfigurationList section */
		76FD29AF19876ACD0087FA0F /* Build configuration list for PBXProject "IdeaBox" */ = {
			isa = XCConfigurationList;
			buildConfigurations = (
				76FD29E719876ACD0087FA0F /* Debug */,
				76FD29E819876ACD0087FA0F /* Release */,
			);
			defaultConfigurationIsVisible = 0;
			defaultConfigurationName = Release;
		};
		76FD29E919876ACD0087FA0F /* Build configuration list for PBXNativeTarget "IdeaBox" */ = {
			isa = XCConfigurationList;
			buildConfigurations = (
				76FD29EA19876ACD0087FA0F /* Debug */,
				76FD29EB19876ACD0087FA0F /* Release */,
			);
			defaultConfigurationIsVisible = 0;
			defaultConfigurationName = Release;
		};
		76FD29EC19876ACD0087FA0F /* Build configuration list for PBXNativeTarget "IdeaBoxTests" */ = {
			isa = XCConfigurationList;
			buildConfigurations = (
				76FD29ED19876ACD0087FA0F /* Debug */,
				76FD29EE19876ACD0087FA0F /* Release */,
			);
			defaultConfigurationIsVisible = 0;
			defaultConfigurationName = Release;
		};
/* End XCConfigurationList section */
	};
	rootObject = 76FD29AC19876ACD0087FA0F /* Project object */;
}
