PODS:
  - JMImageCache (0.4.0)
  - Reachability (3.1.1)
  - SCLAlertView-Objective-C (0.3.2)
  - SVProgressHUD (1.0)

DEPENDENCIES:
  - JMImageCache
  - Reachability
  - SCLAlertView-Objective-C
  - SVProgressHUD

SPEC CHECKSUMS:
  JMImageCache: ae1342abeb16d8c4f05c79c926fc49dc07f84dad
  Reachability: 8e9635e3cb4f98e7f825e51147f677ecc694d0e7
  SCLAlertView-Objective-C: 25fa7c70f332a29f9d0bb54b0f497649b366746e
  SVProgressHUD: 5034c6e22b8c2ca3e09402e48d41ed0340aa1c50

COCOAPODS: 0.34.4
